
Microsoft Visual Studio Solution File, Format Version 12.00
# Visual Studio Version 17
VisualStudioVersion = 17.5.33516.290
MinimumVisualStudioVersion = 10.0.40219.1
Project("{FAE04EC0-301F-11D3-BF4B-00C04F79EFBC}") = "DunamicRoleAuth", "DunamicRoleAuth\DunamicRoleAuth.csproj", "{D7C5D083-4CCE-4C1B-8E98-BD5B8CC10E72}"
EndProject
Global
	GlobalSection(SolutionConfigurationPlatforms) = preSolution
		Debug|Any CPU = Debug|Any CPU
		Release|Any CPU = Release|Any CPU
	EndGlobalSection
	GlobalSection(ProjectConfigurationPlatforms) = postSolution
		{D7C5D083-4CCE-4C1B-8E98-BD5B8CC10E72}.Debug|Any CPU.ActiveCfg = Debug|Any CPU
		{D7C5D083-4CCE-4C1B-8E98-BD5B8CC10E72}.Debug|Any CPU.Build.0 = Debug|Any CPU
		{D7C5D083-4CCE-4C1B-8E98-BD5B8CC10E72}.Release|Any CPU.ActiveCfg = Release|Any CPU
		{D7C5D083-4CCE-4C1B-8E98-BD5B8CC10E72}.Release|Any CPU.Build.0 = Release|Any CPU
	EndGlobalSection
	GlobalSection(SolutionProperties) = preSolution
		HideSolutionNode = FALSE
	EndGlobalSection
	GlobalSection(ExtensibilityGlobals) = postSolution
		SolutionGuid = {6D9235BF-5780-4CE8-8E5B-9ACDCA7C8403}
	EndGlobalSection
EndGlobal
